
Microsoft Visual Studio Solution File, Format Version 12.00
# Visual Studio Version 17
VisualStudioVersion = 17.6.33829.357
MinimumVisualStudioVersion = 10.0.40219.1
Project("{FAE04EC0-301F-11D3-BF4B-00C04F79EFBC}") = "BookTrekkerWeb", "BookTrekkerWeb\BookTrekkerWeb.csproj", "{ECA3153B-F7F4-4223-8915-F5167140D72D}"
EndProject
Global
	GlobalSection(SolutionConfigurationPlatforms) = preSolution
		Debug|Any CPU = Debug|Any CPU
		Release|Any CPU = Release|Any CPU
	EndGlobalSection
	GlobalSection(ProjectConfigurationPlatforms) = postSolution
		{ECA3153B-F7F4-4223-8915-F5167140D72D}.Debug|Any CPU.ActiveCfg = Debug|Any CPU
		{ECA3153B-F7F4-4223-8915-F5167140D72D}.Debug|Any CPU.Build.0 = Debug|Any CPU
		{ECA3153B-F7F4-4223-8915-F5167140D72D}.Release|Any CPU.ActiveCfg = Release|Any CPU
		{ECA3153B-F7F4-4223-8915-F5167140D72D}.Release|Any CPU.Build.0 = Release|Any CPU
	EndGlobalSection
	GlobalSection(SolutionProperties) = preSolution
		HideSolutionNode = FALSE
	EndGlobalSection
	GlobalSection(ExtensibilityGlobals) = postSolution
		SolutionGuid = {43D6DA30-1CA8-4043-B474-F9EB8C48F813}
	EndGlobalSection
EndGlobal
